
Microsoft Visual Studio Solution File, Format Version 12.00
# Visual Studio Version 17
VisualStudioVersion = 17.10.35027.167
MinimumVisualStudioVersion = 10.0.40219.1
Project("{FAE04EC0-301F-11D3-BF4B-00C04F79EFBC}") = "35", "35.csproj", "{9D24572C-E2F8-4904-B5DD-41ACE7251BDC}"
EndProject
Global
	GlobalSection(SolutionConfigurationPlatforms) = preSolution
		Debug|Any CPU = Debug|Any CPU
		Release|Any CPU = Release|Any CPU
	EndGlobalSection
	GlobalSection(ProjectConfigurationPlatforms) = postSolution
		{9D24572C-E2F8-4904-B5DD-41ACE7251BDC}.Debug|Any CPU.ActiveCfg = Debug|Any CPU
		{9D24572C-E2F8-4904-B5DD-41ACE7251BDC}.Debug|Any CPU.Build.0 = Debug|Any CPU
		{9D24572C-E2F8-4904-B5DD-41ACE7251BDC}.Release|Any CPU.ActiveCfg = Release|Any CPU
		{9D24572C-E2F8-4904-B5DD-41ACE7251BDC}.Release|Any CPU.Build.0 = Release|Any CPU
	EndGlobalSection
	GlobalSection(SolutionProperties) = preSolution
		HideSolutionNode = FALSE
	EndGlobalSection
	GlobalSection(ExtensibilityGlobals) = postSolution
		SolutionGuid = {EF48F54A-CEE9-4A0D-8B40-A816064EEBA7}
	EndGlobalSection
EndGlobal
